
Microsoft Visual Studio Solution File, Format Version 12.00
# Visual Studio 15
VisualStudioVersion = 15.0.26430.15
MinimumVisualStudioVersion = 10.0.40219.1
Project("{FAE04EC0-301F-11D3-BF4B-00C04F79EFBC}") = "DattatecPanel", "DattatecPanel\DattatecPanel.csproj", "{E01BF1E0-CA5E-4575-860F-65B4247E0FD8}"
EndProject
Project("{FAE04EC0-301F-11D3-BF4B-00C04F79EFBC}") = "DattatecPanelTests", "DattatecPanelTests\DattatecPanelTests.csproj", "{0E2166C7-FC37-4ACF-976D-91F8E6C2CA59}"
EndProject
Global
	GlobalSection(SolutionConfigurationPlatforms) = preSolution
		Debug|Any CPU = Debug|Any CPU
		Release|Any CPU = Release|Any CPU
	EndGlobalSection
	GlobalSection(ProjectConfigurationPlatforms) = postSolution
		{E01BF1E0-CA5E-4575-860F-65B4247E0FD8}.Debug|Any CPU.ActiveCfg = Debug|Any CPU
		{E01BF1E0-CA5E-4575-860F-65B4247E0FD8}.Debug|Any CPU.Build.0 = Debug|Any CPU
		{E01BF1E0-CA5E-4575-860F-65B4247E0FD8}.Release|Any CPU.ActiveCfg = Release|Any CPU
		{E01BF1E0-CA5E-4575-860F-65B4247E0FD8}.Release|Any CPU.Build.0 = Release|Any CPU
		{0E2166C7-FC37-4ACF-976D-91F8E6C2CA59}.Debug|Any CPU.ActiveCfg = Debug|Any CPU
		{0E2166C7-FC37-4ACF-976D-91F8E6C2CA59}.Debug|Any CPU.Build.0 = Debug|Any CPU
		{0E2166C7-FC37-4ACF-976D-91F8E6C2CA59}.Release|Any CPU.ActiveCfg = Release|Any CPU
		{0E2166C7-FC37-4ACF-976D-91F8E6C2CA59}.Release|Any CPU.Build.0 = Release|Any CPU
	EndGlobalSection
	GlobalSection(SolutionProperties) = preSolution
		HideSolutionNode = FALSE
	EndGlobalSection
EndGlobal
